
Microsoft Visual Studio Solution File, Format Version 11.00
# Visual Studio 2010
Project("{FAE04EC0-301F-11D3-BF4B-00C04F79EFBC}") = "ARMessages", "Assembly-CSharp.csproj", "{69E724AD-296B-B9AD-1C77-96E2F45BCEF8}"
EndProject
Project("{FAE04EC0-301F-11D3-BF4B-00C04F79EFBC}") = "ARMessages", "Assembly-CSharp-Editor.csproj", "{7488CECB-FDE7-BA41-8E59-2A6435FAE482}"
EndProject
Global
	GlobalSection(SolutionConfigurationPlatforms) = preSolution
		Debug|Any CPU = Debug|Any CPU
		Release|Any CPU = Release|Any CPU
	EndGlobalSection
	GlobalSection(ProjectConfigurationPlatforms) = postSolution
		{69E724AD-296B-B9AD-1C77-96E2F45BCEF8}.Debug|Any CPU.ActiveCfg = Debug|Any CPU
		{69E724AD-296B-B9AD-1C77-96E2F45BCEF8}.Debug|Any CPU.Build.0 = Debug|Any CPU
		{69E724AD-296B-B9AD-1C77-96E2F45BCEF8}.Release|Any CPU.ActiveCfg = Release|Any CPU
		{69E724AD-296B-B9AD-1C77-96E2F45BCEF8}.Release|Any CPU.Build.0 = Release|Any CPU
		{7488CECB-FDE7-BA41-8E59-2A6435FAE482}.Debug|Any CPU.ActiveCfg = Debug|Any CPU
		{7488CECB-FDE7-BA41-8E59-2A6435FAE482}.Debug|Any CPU.Build.0 = Debug|Any CPU
		{7488CECB-FDE7-BA41-8E59-2A6435FAE482}.Release|Any CPU.ActiveCfg = Release|Any CPU
		{7488CECB-FDE7-BA41-8E59-2A6435FAE482}.Release|Any CPU.Build.0 = Release|Any CPU
	EndGlobalSection
	GlobalSection(SolutionProperties) = preSolution
		HideSolutionNode = FALSE
	EndGlobalSection
	GlobalSection(MonoDevelopProperties) = preSolution
		StartupItem = Assembly-CSharp.csproj
	EndGlobalSection
EndGlobal
